// !$*UTF8*$!
{
	archiveVersion = 1;
	classes = {
	};
	objectVersion = 46;
	objects = {

/* Begin PBXBuildFile section */
		9EB50EDF1AB2352A00CD526D /* main.m in Sources */ = {isa = PBXBuildFile; fileRef = 9EB50EDE1AB2352A00CD526D /* main.m */; };
		9EB50EE21AB2352A00CD526D /* AppDelegate.m in Sources */ = {isa = PBXBuildFile; fileRef = 9EB50EE11AB2352A00CD526D /* AppDelegate.m */; };
		9EB50EE51AB2352A00CD526D /* ViewController.m in Sources */ = {isa = PBXBuildFile; fileRef = 9EB50EE41AB2352A00CD526D /* ViewController.m */; };
		9EB50EE81AB2352A00CD526D /* Main.storyboard in Resources */ = {isa = PBXBuildFile; fileRef = 9EB50EE61AB2352A00CD526D /* Main.storyboard */; };
		9EB50EEA1AB2352A00CD526D /* Images.xcassets in Resources */ = {isa = PBXBuildFile; fileRef = 9EB50EE91AB2352A00CD526D /* Images.xcassets */; };
		9EB50EED1AB2352A00CD526D /* LaunchScreen.xib in Resources */ = {isa = PBXBuildFile; fileRef = 9EB50EEB1AB2352A00CD526D /* LaunchScreen.xib */; };
		9EB50EF91AB2352B00CD526D /* TicTacTests.m in Sources */ = {isa = PBXBuildFile; fileRef = 9EB50EF81AB2352B00CD526D /* TicTacTests.m */; };
/* End PBXBuildFile section */

/* Begin PBXContainerItemProxy section */
		9EB50EF31AB2352B00CD526D /* PBXContainerItemProxy */ = {
			isa = PBXContainerItemProxy;
			containerPortal = 9EB50ED11AB2352A00CD526D /* Project object */;
			proxyType = 1;
			remoteGlobalIDString = 9EB50ED81AB2352A00CD526D;
			remoteInfo = TicTac;
		};
/* End PBXContainerItemProxy section */

/* Begin PBXFileReference section */
		9EB50ED91AB2352A00CD526D /* TicTac.app */ = {isa = PBXFileReference; explicitFileType = wrapper.application; includeInIndex = 0; path = TicTac.app; sourceTree = BUILT_PRODUCTS_DIR; };
		9EB50EDD1AB2352A00CD526D /* Info.plist */ = {isa = PBXFileReference; lastKnownFileType = text.plist.xml; path = Info.plist; sourceTree = "<group>"; };
		9EB50EDE1AB2352A00CD526D /* main.m */ = {isa = PBXFileReference; lastKnownFileType = sourcecode.c.objc; path = main.m; sourceTree = "<group>"; };
		9EB50EE01AB2352A00CD526D /* AppDelegate.h */ = {isa = PBXFileReference; lastKnownFileType = sourcecode.c.h; path = AppDelegate.h; sourceTree = "<group>"; };
		9EB50EE11AB2352A00CD526D /* AppDelegate.m */ = {isa = PBXFileReference; lastKnownFileType = sourcecode.c.objc; path = AppDelegate.m; sourceTree = "<group>"; };
		9EB50EE31AB2352A00CD526D /* ViewController.h */ = {isa = PBXFileReference; lastKnownFileType = sourcecode.c.h; path = ViewController.h; sourceTree = "<group>"; };
		9EB50EE41AB2352A00CD526D /* ViewController.m */ = {isa = PBXFileReference; lastKnownFileType = sourcecode.c.objc; path = ViewController.m; sourceTree = "<group>"; };
		9EB50EE71AB2352A00CD526D /* Base */ = {isa = PBXFileReference; lastKnownFileType = file.storyboard; name = Base; path = Base.lproj/Main.storyboard; sourceTree = "<group>"; };
		9EB50EE91AB2352A00CD526D /* Images.xcassets */ = {isa = PBXFileReference; lastKnownFileType = folder.assetcatalog; path = Images.xcassets; sourceTree = "<group>"; };
		9EB50EEC1AB2352A00CD526D /* Base */ = {isa = PBXFileReference; lastKnownFileType = file.xib; name = Base; path = Base.lproj/LaunchScreen.xib; sourceTree = "<group>"; };
		9EB50EF21AB2352B00CD526D /* TicTacTests.xctest */ = {isa = PBXFileReference; explicitFileType = wrapper.cfbundle; includeInIndex = 0; path = TicTacTests.xctest; sourceTree = BUILT_PRODUCTS_DIR; };
		9EB50EF71AB2352B00CD526D /* Info.plist */ = {isa = PBXFileReference; lastKnownFileType = text.plist.xml; path = Info.plist; sourceTree = "<group>"; };
		9EB50EF81AB2352B00CD526D /* TicTacTests.m */ = {isa = PBXFileReference; lastKnownFileType = sourcecode.c.objc; path = TicTacTests.m; sourceTree = "<group>"; };
/* End PBXFileReference section */

/* Begin PBXFrameworksBuildPhase section */
		9EB50ED61AB2352A00CD526D /* Frameworks */ = {
			isa = PBXFrameworksBuildPhase;
			buildActionMask = 2147483647;
			files = (
			);
			runOnlyForDeploymentPostprocessing = 0;
		};
		9EB50EEF1AB2352B00CD526D /* Frameworks */ = {
			isa = PBXFrameworksBuildPhase;
			buildActionMask = 2147483647;
			files = (
			);
			runOnlyForDeploymentPostprocessing = 0;
		};
/* End PBXFrameworksBuildPhase section */

/* Begin PBXGroup section */
		9EB50ED01AB2352A00CD526D = {
			isa = PBXGroup;
			children = (
				9EB50EDB1AB2352A00CD526D /* TicTac */,
				9EB50EF51AB2352B00CD526D /* TicTacTests */,
				9EB50EDA1AB2352A00CD526D /* Products */,
			);
			sourceTree = "<group>";
		};
		9EB50EDA1AB2352A00CD526D /* Products */ = {
			isa = PBXGroup;
			children = (
				9EB50ED91AB2352A00CD526D /* TicTac.app */,
				9EB50EF21AB2352B00CD526D /* TicTacTests.xctest */,
			);
			name = Products;
			sourceTree = "<group>";
		};
		9EB50EDB1AB2352A00CD526D /* TicTac */ = {
			isa = PBXGroup;
			children = (
				9EB50EE01AB2352A00CD526D /* AppDelegate.h */,
				9EB50EE11AB2352A00CD526D /* AppDelegate.m */,
				9EB50EE31AB2352A00CD526D /* ViewController.h */,
				9EB50EE41AB2352A00CD526D /* ViewController.m */,
				9EB50EE61AB2352A00CD526D /* Main.storyboard */,
				9EB50EE91AB2352A00CD526D /* Images.xcassets */,
				9EB50EEB1AB2352A00CD526D /* LaunchScreen.xib */,
				9EB50EDC1AB2352A00CD526D /* Supporting Files */,
			);
			path = TicTac;
			sourceTree = "<group>";
		};
		9EB50EDC1AB2352A00CD526D /* Supporting Files */ = {
			isa = PBXGroup;
			children = (
				9EB50EDD1AB2352A00CD526D /* Info.plist */,
				9EB50EDE1AB2352A00CD526D /* main.m */,
			);
			name = "Supporting Files";
			sourceTree = "<group>";
		};
		9EB50EF51AB2352B00CD526D /* TicTacTests */ = {
			isa = PBXGroup;
			children = (
				9EB50EF81AB2352B00CD526D /* TicTacTests.m */,
				9EB50EF61AB2352B00CD526D /* Supporting Files */,
			);
			path = TicTacTests;
			sourceTree = "<group>";
		};
		9EB50EF61AB2352B00CD526D /* Supporting Files */ = {
			isa = PBXGroup;
			children = (
				9EB50EF71AB2352B00CD526D /* Info.plist */,
			);
			name = "Supporting Files";
			sourceTree = "<group>";
		};
/* End PBXGroup section */

/* Begin PBXNativeTarget section */
		9EB50ED81AB2352A00CD526D /* TicTac */ = {
			isa = PBXNativeTarget;
			buildConfigurationList = 9EB50EFC1AB2352B00CD526D /* Build configuration list for PBXNativeTarget "TicTac" */;
			buildPhases = (
				9EB50ED51AB2352A00CD526D /* Sources */,
				9EB50ED61AB2352A00CD526D /* Frameworks */,
				9EB50ED71AB2352A00CD526D /* Resources */,
			);
			buildRules = (
			);
			dependencies = (
			);
			name = TicTac;
			productName = TicTac;
			productReference = 9EB50ED91AB2352A00CD526D /* TicTac.app */;
			productType = "com.apple.product-type.application";
		};
		9EB50EF11AB2352B00CD526D /* TicTacTests */ = {
			isa = PBXNativeTarget;
			buildConfigurationList = 9EB50EFF1AB2352B00CD526D /* Build configuration list for PBXNativeTarget "TicTacTests" */;
			buildPhases = (
				9EB50EEE1AB2352B00CD526D /* Sources */,
				9EB50EEF1AB2352B00CD526D /* Frameworks */,
				9EB50EF01AB2352B00CD526D /* Resources */,
			);
			buildRules = (
			);
			dependencies = (
				9EB50EF41AB2352B00CD526D /* PBXTargetDependency */,
			);
			name = TicTacTests;
			productName = TicTacTests;
			productReference = 9EB50EF21AB2352B00CD526D /* TicTacTests.xctest */;
			productType = "com.apple.product-type.bundle.unit-test";
		};
/* End PBXNativeTarget section */

/* Begin PBXProject section */
		9EB50ED11AB2352A00CD526D /* Project object */ = {
			isa = PBXProject;
			attributes = {
				LastUpgradeCheck = 0630;
				ORGANIZATIONNAME = "Tommy Gibbons";
				TargetAttributes = {
					9EB50ED81AB2352A00CD526D = {
						CreatedOnToolsVersion = 6.3;
					};
					9EB50EF11AB2352B00CD526D = {
						CreatedOnToolsVersion = 6.3;
						TestTargetID = 9EB50ED81AB2352A00CD526D;
					};
				};
			};
			buildConfigurationList = 9EB50ED41AB2352A00CD526D /* Build configuration list for PBXProject "TicTac" */;
			compatibilityVersion = "Xcode 3.2";
			developmentRegion = English;
			hasScannedForEncodings = 0;
			knownRegions = (
				en,
				Base,
			);
			mainGroup = 9EB50ED01AB2352A00CD526D;
			productRefGroup = 9EB50EDA1AB2352A00CD526D /* Products */;
			projectDirPath = "";
			projectRoot = "";
			targets = (
				9EB50ED81AB2352A00CD526D /* TicTac */,
				9EB50EF11AB2352B00CD526D /* TicTacTests */,
			);
		};
/* End PBXProject section */

/* Begin PBXResourcesBuildPhase section */
		9EB50ED71AB2352A00CD526D /* Resources */ = {
			isa = PBXResourcesBuildPhase;
			buildActionMask = 2147483647;
			files = (
				9EB50EE81AB2352A00CD526D /* Main.storyboard in Resources */,
				9EB50EED1AB2352A00CD526D /* LaunchScreen.xib in Resources */,
				9EB50EEA1AB2352A00CD526D /* Images.xcassets in Resources */,
			);
			runOnlyForDeploymentPostprocessing = 0;
		};
		9EB50EF01AB2352B00CD526D /* Resources */ = {
			isa = PBXResourcesBuildPhase;
			buildActionMask = 2147483647;
			files = (
			);
			runOnlyForDeploymentPostprocessing = 0;
		};
/* End PBXResourcesBuildPhase section */

/* Begin PBXSourcesBuildPhase section */
		9EB50ED51AB2352A00CD526D /* Sources */ = {
			isa = PBXSourcesBuildPhase;
			buildActionMask = 2147483647;
			files = (
				9EB50EE51AB2352A00CD526D /* ViewController.m in Sources */,
				9EB50EE21AB2352A00CD526D /* AppDelegate.m in Sources */,
				9EB50EDF1AB2352A00CD526D /* main.m in Sources */,
			);
			runOnlyForDeploymentPostprocessing = 0;
		};
		9EB50EEE1AB2352B00CD526D /* Sources */ = {
			isa = PBXSourcesBuildPhase;
			buildActionMask = 2147483647;
			files = (
				9EB50EF91AB2352B00CD526D /* TicTacTests.m in Sources */,
			);
			runOnlyForDeploymentPostprocessing = 0;
		};
/* End PBXSourcesBuildPhase section */

/* Begin PBXTargetDependency section */
		9EB50EF41AB2352B00CD526D /* PBXTargetDependency */ = {
			isa = PBXTargetDependency;
			target = 9EB50ED81AB2352A00CD526D /* TicTac */;
			targetProxy = 9EB50EF31AB2352B00CD526D /* PBXContainerItemProxy */;
		};
/* End PBXTargetDependency section */

/* Begin PBXVariantGroup section */
		9EB50EE61AB2352A00CD526D /* Main.storyboard */ = {
			isa = PBXVariantGroup;
			children = (
				9EB50EE71AB2352A00CD526D /* Base */,
			);
			name = Main.storyboard;
			sourceTree = "<group>";
		};
		9EB50EEB1AB2352A00CD526D /* LaunchScreen.xib */ = {
			isa = PBXVariantGroup;
			children = (
				9EB50EEC1AB2352A00CD526D /* Base */,
			);
			name = LaunchScreen.xib;
			sourceTree = "<group>";
		};
/* End PBXVariantGroup section */

/* Begin XCBuildConfiguration section */
		9EB50EFA1AB2352B00CD526D /* Debug */ = {
			isa = XCBuildConfiguration;
			buildSettings = {
				ALWAYS_SEARCH_USER_PATHS = NO;
				CLANG_CXX_LANGUAGE_STANDARD = "gnu++0x";
				CLANG_CXX_LIBRARY = "libc++";
				CLANG_ENABLE_MODULES = YES;
				CLANG_ENABLE_OBJC_ARC = YES;
				CLANG_WARN_BOOL_CONVERSION = YES;
				CLANG_WARN_CONSTANT_CONVERSION = YES;
				CLANG_WARN_DIRECT_OBJC_ISA_USAGE = YES_ERROR;
				CLANG_WARN_EMPTY_BODY = YES;
				CLANG_WARN_ENUM_CONVERSION = YES;
				CLANG_WARN_INT_CONVERSION = YES;
				CLANG_WARN_OBJC_ROOT_CLASS = YES_ERROR;
				CLANG_WARN_UNREACHABLE_CODE = YES;
				CLANG_WARN__DUPLICATE_METHOD_MATCH = YES;
				"CODE_SIGN_IDENTITY[sdk=iphoneos*]" = "iPhone Developer";
				COPY_PHASE_STRIP = NO;
				DEBUG_INFORMATION_FORMAT = dwarf;
				ENABLE_STRICT_OBJC_MSGSEND = YES;
				GCC_C_LANGUAGE_STANDARD = gnu99;
				GCC_DYNAMIC_NO_PIC = NO;
				GCC_NO_COMMON_BLOCKS = YES;
				GCC_OPTIMIZATION_LEVEL = 0;
				GCC_PREPROCESSOR_DEFINITIONS = (
					"DEBUG=1",
					"$(inherited)",
				);
				GCC_SYMBOLS_PRIVATE_EXTERN = NO;
				GCC_WARN_64_TO_32_BIT_CONVERSION = YES;
				GCC_WARN_ABOUT_RETURN_TYPE = YES_ERROR;
				GCC_WARN_UNDECLARED_SELECTOR = YES;
				GCC_WARN_UNINITIALIZED_AUTOS = YES_AGGRESSIVE;
				GCC_WARN_UNUSED_FUNCTION = YES;
				GCC_WARN_UNUSED_VARIABLE = YES;
				IPHONEOS_DEPLOYMENT_TARGET = 8.3;
				MTL_ENABLE_DEBUG_INFO = YES;
				ONLY_ACTIVE_ARCH = YES;
				SDKROOT = iphoneos;
				TARGETED_DEVICE_FAMILY = "1,2";
			};
			name = Debug;
		};
		9EB50EFB1AB2352B00CD526D /* Release */ = {
			isa = XCBuildConfiguration;
			buildSettings = {
				ALWAYS_SEARCH_USER_PATHS = NO;
				CLANG_CXX_LANGUAGE_STANDARD = "gnu++0x";
				CLANG_CXX_LIBRARY = "libc++";
				CLANG_ENABLE_MODULES = YES;
				CLANG_ENABLE_OBJC_ARC = YES;
				CLANG_WARN_BOOL_CONVERSION = YES;
				CLANG_WARN_CONSTANT_CONVERSION = YES;
				CLANG_WARN_DIRECT_OBJC_ISA_USAGE = YES_ERROR;
				CLANG_WARN_EMPTY_BODY = YES;
				CLANG_WARN_ENUM_CONVERSION = YES;
				CLANG_WARN_INT_CONVERSION = YES;
				CLANG_WARN_OBJC_ROOT_CLASS = YES_ERROR;
				CLANG_WARN_UNREACHABLE_CODE = YES;
				CLANG_WARN__DUPLICATE_METHOD_MATCH = YES;
				"CODE_SIGN_IDENTITY[sdk=iphoneos*]" = "iPhone Developer";
				COPY_PHASE_STRIP = NO;
				DEBUG_INFORMATION_FORMAT = "dwarf-with-dsym";
				ENABLE_NS_ASSERTIONS = NO;
				ENABLE_STRICT_OBJC_MSGSEND = YES;
				GCC_C_LANGUAGE_STANDARD = gnu99;
				GCC_NO_COMMON_BLOCKS = YES;
				GCC_WARN_64_TO_32_BIT_CONVERSION = YES;
				GCC_WARN_ABOUT_RETURN_TYPE = YES_ERROR;
				GCC_WARN_UNDECLARED_SELECTOR = YES;
				GCC_WARN_UNINITIALIZED_AUTOS = YES_AGGRESSIVE;
				GCC_WARN_UNUSED_FUNCTION = YES;
				GCC_WARN_UNUSED_VARIABLE = YES;
				IPHONEOS_DEPLOYMENT_TARGET = 8.3;
				MTL_ENABLE_DEBUG_INFO = NO;
				SDKROOT = iphoneos;
				TARGETED_DEVICE_FAMILY = "1,2";
				VALIDATE_PRODUCT = YES;
			};
			name = Release;
		};
		9EB50EFD1AB2352B00CD526D /* Debug */ = {
			isa = XCBuildConfiguration;
			buildSettings = {
				ASSETCATALOG_COMPILER_APPICON_NAME = AppIcon;
				INFOPLIST_FILE = TicTac/Info.plist;
				LD_RUNPATH_SEARCH_PATHS = "$(inherited) @executable_path/Frameworks";
				PRODUCT_NAME = "$(TARGET_NAME)";
			};
			name = Debug;
		};
		9EB50EFE1AB2352B00CD526D /* Release */ = {
			isa = XCBuildConfiguration;
			buildSettings = {
				ASSETCATALOG_COMPILER_APPICON_NAME = AppIcon;
				INFOPLIST_FILE = TicTac/Info.plist;
				LD_RUNPATH_SEARCH_PATHS = "$(inherited) @executable_path/Frameworks";
				PRODUCT_NAME = "$(TARGET_NAME)";
			};
			name = Release;
		};
		9EB50F001AB2352B00CD526D /* Debug */ = {
			isa = XCBuildConfiguration;
			buildSettings = {
				BUNDLE_LOADER = "$(TEST_HOST)";
				FRAMEWORK_SEARCH_PATHS = (
					"$(SDKROOT)/Developer/Library/Frameworks",
					"$(inherited)",
				);
				GCC_PREPROCESSOR_DEFINITIONS = (
					"DEBUG=1",
					"$(inherited)",
				);
				INFOPLIST_FILE = TicTacTests/Info.plist;
				LD_RUNPATH_SEARCH_PATHS = "$(inherited) @executable_path/Frameworks @loader_path/Frameworks";
				PRODUCT_NAME = "$(TARGET_NAME)";
				TEST_HOST = "$(BUILT_PRODUCTS_DIR)/TicTac.app/TicTac";
			};
			name = Debug;
		};
		9EB50F011AB2352B00CD526D /* Release */ = {
			isa = XCBuildConfiguration;
			buildSettings = {
				BUNDLE_LOADER = "$(TEST_HOST)";
				FRAMEWORK_SEARCH_PATHS = (
					"$(SDKROOT)/Developer/Library/Frameworks",
					"$(inherited)",
				);
				INFOPLIST_FILE = TicTacTests/Info.plist;
				LD_RUNPATH_SEARCH_PATHS = "$(inherited) @executable_path/Frameworks @loader_path/Frameworks";
				PRODUCT_NAME = "$(TARGET_NAME)";
				TEST_HOST = "$(BUILT_PRODUCTS_DIR)/TicTac.app/TicTac";
			};
			name = Release;
		};
/* End XCBuildConfiguration section */

/* Begin XCConfigurationList section */
		9EB50ED41AB2352A00CD526D /* Build configuration list for PBXProject "TicTac" */ = {
			isa = XCConfigurationList;
			buildConfigurations = (
				9EB50EFA1AB2352B00CD526D /* Debug */,
				9EB50EFB1AB2352B00CD526D /* Release */,
			);
			defaultConfigurationIsVisible = 0;
			defaultConfigurationName = Release;
		};
		9EB50EFC1AB2352B00CD526D /* Build configuration list for PBXNativeTarget "TicTac" */ = {
			isa = XCConfigurationList;
			buildConfigurations = (
				9EB50EFD1AB2352B00CD526D /* Debug */,
				9EB50EFE1AB2352B00CD526D /* Release */,
			);
			defaultConfigurationIsVisible = 0;
		};
		9EB50EFF1AB2352B00CD526D /* Build configuration list for PBXNativeTarget "TicTacTests" */ = {
			isa = XCConfigurationList;
			buildConfigurations = (
				9EB50F001AB2352B00CD526D /* Debug */,
				9EB50F011AB2352B00CD526D /* Release */,
			);
			defaultConfigurationIsVisible = 0;
		};
/* End XCConfigurationList section */
	};
	rootObject = 9EB50ED11AB2352A00CD526D /* Project object */;
}
